
Microsoft Visual Studio Solution File, Format Version 12.00
# Visual Studio Version 17
VisualStudioVersion = 17.11.35222.181
MinimumVisualStudioVersion = 10.0.40219.1
Project("{2150E333-8FDC-42A3-9474-1A3956D46DE8}") = "Task0", "Task0", "{1473E3DF-1E2D-4C0C-9243-EF4E0E0D0AFD}"
EndProject
Project("{9A19103F-16F7-4668-BE54-9A1E7A4F7556}") = "Tyuiu.SyrtsovaSA.Sprint1.Task0.V11", "Tyuiu.SyrtsovaSA.Sprint1.Task0.V11\Tyuiu.SyrtsovaSA.Sprint1.Task0.V11.csproj", "{0A21DF9A-C794-45BD-B94F-3D48CB20D67A}"
EndProject
Project("{9A19103F-16F7-4668-BE54-9A1E7A4F7556}") = "Tyuiu.SyrtsovaSA.Sprint1.Task0.V11.Lib", "Tyuiu.SyrtsovaSA.Sprint1.Task0.V11.Lib\Tyuiu.SyrtsovaSA.Sprint1.Task0.V11.Lib.csproj", "{449660F7-DBFA-45DF-A776-33515ACCB1E2}"
EndProject
Project("{9A19103F-16F7-4668-BE54-9A1E7A4F7556}") = "Tyuiu.SyrtsovaSA.Sprint1.Task0.V11.Test", "Tyuiu.SyrtsovaSA.Sprint1.Task0.V11.Test\Tyuiu.SyrtsovaSA.Sprint1.Task0.V11.Test.csproj", "{5926DEB9-59B9-49E1-985E-9D89EF820E59}"
EndProject
Project("{2150E333-8FDC-42A3-9474-1A3956D46DE8}") = "Task1", "Task1", "{2919343B-E307-4FC0-963B-B1E655E67575}"
EndProject
Project("{9A19103F-16F7-4668-BE54-9A1E7A4F7556}") = "Tyuiu.SyrtsovaSA.Sprint1.Task1.V14", "Tyuiu.SyrtsovaSA.Sprint1.Task1.V14\Tyuiu.SyrtsovaSA.Sprint1.Task1.V14.csproj", "{748F0171-5B3D-4A5B-9044-D3DF53934CAA}"
EndProject
Project("{9A19103F-16F7-4668-BE54-9A1E7A4F7556}") = "Tyuiu.SyrtsovaSA.Sprint1.Task1.V14.Lib", "Tyuiu.SyrtsovaSA.Sprint1.Task1.V14.Lib\Tyuiu.SyrtsovaSA.Sprint1.Task1.V14.Lib.csproj", "{6EE9817D-B40A-41CE-894E-D9E733693810}"
EndProject
Project("{9A19103F-16F7-4668-BE54-9A1E7A4F7556}") = "Tyuiu.SyrtsovaSA.Sprint1.Task1.V14.Test", "Tyuiu.SyrtsovaSA.Sprint1.Task1.V14.Test\Tyuiu.SyrtsovaSA.Sprint1.Task1.V14.Test.csproj", "{CBC1CEC3-833B-4FE7-A724-F400067D4BCF}"
EndProject
Project("{2150E333-8FDC-42A3-9474-1A3956D46DE8}") = "Task2", "Task2", "{964FFC83-02BA-44E5-A0B0-C88D6323E623}"
EndProject
Project("{9A19103F-16F7-4668-BE54-9A1E7A4F7556}") = "Tyuiu.SyrtsovaSA.Sprint1.Task2.V15", "Tyuiu.SyrtsovaSA.Sprint1.Task2.V15\Tyuiu.SyrtsovaSA.Sprint1.Task2.V15.csproj", "{0D34D1DC-EEFC-4518-A102-E00A74103CDF}"
EndProject
Project("{9A19103F-16F7-4668-BE54-9A1E7A4F7556}") = "Tyuiu.SyrtsovaSA.Sprint1.Task2.V15.Lib", "Tyuiu.SyrtsovaSA.Sprint1.Task2.V15.Lib\Tyuiu.SyrtsovaSA.Sprint1.Task2.V15.Lib.csproj", "{923ED105-C2F2-4A57-B23A-5B7B622FC4C5}"
EndProject
Project("{9A19103F-16F7-4668-BE54-9A1E7A4F7556}") = "Tyuiu.SyrtsovaSA.Sprint1.Task2.V15.Test", "Tyuiu.SyrtsovaSA.Sprint1.Task2.V15.Test\Tyuiu.SyrtsovaSA.Sprint1.Task2.V15.Test.csproj", "{6241591C-E41A-4E75-BEDA-F31D37B30C7D}"
EndProject
Project("{2150E333-8FDC-42A3-9474-1A3956D46DE8}") = "Task3", "Task3", "{E9EAFB30-A394-4233-AEB7-7FE3B81D1056}"
EndProject
Project("{FAE04EC0-301F-11D3-BF4B-00C04F79EFBC}") = "Tyuiu.SyrtsovaSA.Sprint1.Task3.V13", "Tyuiu.SyrtsovaSA.Sprint1.Task3.V13\Tyuiu.SyrtsovaSA.Sprint1.Task3.V13.csproj", "{78DEE945-01E6-4714-A94F-A3AF8BA76EBA}"
EndProject
Project("{FAE04EC0-301F-11D3-BF4B-00C04F79EFBC}") = "Tyuiu.SyrtsovaSA.Sprint1.Task3.V13.Lib", "Tyuiu.SyrtsovaSA.Sprint1.Task3.V13.Lib\Tyuiu.SyrtsovaSA.Sprint1.Task3.V13.Lib.csproj", "{27A3795D-3AA7-412C-BC39-72ED8999FC64}"
EndProject
Project("{FAE04EC0-301F-11D3-BF4B-00C04F79EFBC}") = "Tyuiu.SyrtsovaSA.Sprint1.Task3.V13.Test", "Tyuiu.SyrtsovaSA.Sprint1.Task3.V13.Test\Tyuiu.SyrtsovaSA.Sprint1.Task3.V13.Test.csproj", "{8171D261-4513-4656-983E-8D4FAEC79ED2}"
EndProject
Global
	GlobalSection(SolutionConfigurationPlatforms) = preSolution
		Debug|Any CPU = Debug|Any CPU
		Release|Any CPU = Release|Any CPU
	EndGlobalSection
	GlobalSection(ProjectConfigurationPlatforms) = postSolution
		{0A21DF9A-C794-45BD-B94F-3D48CB20D67A}.Debug|Any CPU.ActiveCfg = Debug|Any CPU
		{0A21DF9A-C794-45BD-B94F-3D48CB20D67A}.Debug|Any CPU.Build.0 = Debug|Any CPU
		{0A21DF9A-C794-45BD-B94F-3D48CB20D67A}.Release|Any CPU.ActiveCfg = Release|Any CPU
		{0A21DF9A-C794-45BD-B94F-3D48CB20D67A}.Release|Any CPU.Build.0 = Release|Any CPU
		{449660F7-DBFA-45DF-A776-33515ACCB1E2}.Debug|Any CPU.ActiveCfg = Debug|Any CPU
		{449660F7-DBFA-45DF-A776-33515ACCB1E2}.Debug|Any CPU.Build.0 = Debug|Any CPU
		{449660F7-DBFA-45DF-A776-33515ACCB1E2}.Release|Any CPU.ActiveCfg = Release|Any CPU
		{449660F7-DBFA-45DF-A776-33515ACCB1E2}.Release|Any CPU.Build.0 = Release|Any CPU
		{5926DEB9-59B9-49E1-985E-9D89EF820E59}.Debug|Any CPU.ActiveCfg = Debug|Any CPU
		{5926DEB9-59B9-49E1-985E-9D89EF820E59}.Debug|Any CPU.Build.0 = Debug|Any CPU
		{5926DEB9-59B9-49E1-985E-9D89EF820E59}.Release|Any CPU.ActiveCfg = Release|Any CPU
		{5926DEB9-59B9-49E1-985E-9D89EF820E59}.Release|Any CPU.Build.0 = Release|Any CPU
		{748F0171-5B3D-4A5B-9044-D3DF53934CAA}.Debug|Any CPU.ActiveCfg = Debug|Any CPU
		{748F0171-5B3D-4A5B-9044-D3DF53934CAA}.Debug|Any CPU.Build.0 = Debug|Any CPU
		{748F0171-5B3D-4A5B-9044-D3DF53934CAA}.Release|Any CPU.ActiveCfg = Release|Any CPU
		{748F0171-5B3D-4A5B-9044-D3DF53934CAA}.Release|Any CPU.Build.0 = Release|Any CPU
		{6EE9817D-B40A-41CE-894E-D9E733693810}.Debug|Any CPU.ActiveCfg = Debug|Any CPU
		{6EE9817D-B40A-41CE-894E-D9E733693810}.Debug|Any CPU.Build.0 = Debug|Any CPU
		{6EE9817D-B40A-41CE-894E-D9E733693810}.Release|Any CPU.ActiveCfg = Release|Any CPU
		{6EE9817D-B40A-41CE-894E-D9E733693810}.Release|Any CPU.Build.0 = Release|Any CPU
		{CBC1CEC3-833B-4FE7-A724-F400067D4BCF}.Debug|Any CPU.ActiveCfg = Debug|Any CPU
		{CBC1CEC3-833B-4FE7-A724-F400067D4BCF}.Debug|Any CPU.Build.0 = Debug|Any CPU
		{CBC1CEC3-833B-4FE7-A724-F400067D4BCF}.Release|Any CPU.ActiveCfg = Release|Any CPU
		{CBC1CEC3-833B-4FE7-A724-F400067D4BCF}.Release|Any CPU.Build.0 = Release|Any CPU
		{0D34D1DC-EEFC-4518-A102-E00A74103CDF}.Debug|Any CPU.ActiveCfg = Debug|Any CPU
		{0D34D1DC-EEFC-4518-A102-E00A74103CDF}.Debug|Any CPU.Build.0 = Debug|Any CPU
		{0D34D1DC-EEFC-4518-A102-E00A74103CDF}.Release|Any CPU.ActiveCfg = Release|Any CPU
		{0D34D1DC-EEFC-4518-A102-E00A74103CDF}.Release|Any CPU.Build.0 = Release|Any CPU
		{923ED105-C2F2-4A57-B23A-5B7B622FC4C5}.Debug|Any CPU.ActiveCfg = Debug|Any CPU
		{923ED105-C2F2-4A57-B23A-5B7B622FC4C5}.Debug|Any CPU.Build.0 = Debug|Any CPU
		{923ED105-C2F2-4A57-B23A-5B7B622FC4C5}.Release|Any CPU.ActiveCfg = Release|Any CPU
		{923ED105-C2F2-4A57-B23A-5B7B622FC4C5}.Release|Any CPU.Build.0 = Release|Any CPU
		{6241591C-E41A-4E75-BEDA-F31D37B30C7D}.Debug|Any CPU.ActiveCfg = Debug|Any CPU
		{6241591C-E41A-4E75-BEDA-F31D37B30C7D}.Debug|Any CPU.Build.0 = Debug|Any CPU
		{6241591C-E41A-4E75-BEDA-F31D37B30C7D}.Release|Any CPU.ActiveCfg = Release|Any CPU
		{6241591C-E41A-4E75-BEDA-F31D37B30C7D}.Release|Any CPU.Build.0 = Release|Any CPU
		{78DEE945-01E6-4714-A94F-A3AF8BA76EBA}.Debug|Any CPU.ActiveCfg = Debug|Any CPU
		{78DEE945-01E6-4714-A94F-A3AF8BA76EBA}.Debug|Any CPU.Build.0 = Debug|Any CPU
		{78DEE945-01E6-4714-A94F-A3AF8BA76EBA}.Release|Any CPU.ActiveCfg = Release|Any CPU
		{78DEE945-01E6-4714-A94F-A3AF8BA76EBA}.Release|Any CPU.Build.0 = Release|Any CPU
		{27A3795D-3AA7-412C-BC39-72ED8999FC64}.Debug|Any CPU.ActiveCfg = Debug|Any CPU
		{27A3795D-3AA7-412C-BC39-72ED8999FC64}.Debug|Any CPU.Build.0 = Debug|Any CPU
		{27A3795D-3AA7-412C-BC39-72ED8999FC64}.Release|Any CPU.ActiveCfg = Release|Any CPU
		{27A3795D-3AA7-412C-BC39-72ED8999FC64}.Release|Any CPU.Build.0 = Release|Any CPU
		{8171D261-4513-4656-983E-8D4FAEC79ED2}.Debug|Any CPU.ActiveCfg = Debug|Any CPU
		{8171D261-4513-4656-983E-8D4FAEC79ED2}.Debug|Any CPU.Build.0 = Debug|Any CPU
		{8171D261-4513-4656-983E-8D4FAEC79ED2}.Release|Any CPU.ActiveCfg = Release|Any CPU
		{8171D261-4513-4656-983E-8D4FAEC79ED2}.Release|Any CPU.Build.0 = Release|Any CPU
	EndGlobalSection
	GlobalSection(SolutionProperties) = preSolution
		HideSolutionNode = FALSE
	EndGlobalSection
	GlobalSection(NestedProjects) = preSolution
		{0A21DF9A-C794-45BD-B94F-3D48CB20D67A} = {1473E3DF-1E2D-4C0C-9243-EF4E0E0D0AFD}
		{449660F7-DBFA-45DF-A776-33515ACCB1E2} = {1473E3DF-1E2D-4C0C-9243-EF4E0E0D0AFD}
		{5926DEB9-59B9-49E1-985E-9D89EF820E59} = {1473E3DF-1E2D-4C0C-9243-EF4E0E0D0AFD}
		{748F0171-5B3D-4A5B-9044-D3DF53934CAA} = {2919343B-E307-4FC0-963B-B1E655E67575}
		{6EE9817D-B40A-41CE-894E-D9E733693810} = {2919343B-E307-4FC0-963B-B1E655E67575}
		{CBC1CEC3-833B-4FE7-A724-F400067D4BCF} = {2919343B-E307-4FC0-963B-B1E655E67575}
		{0D34D1DC-EEFC-4518-A102-E00A74103CDF} = {964FFC83-02BA-44E5-A0B0-C88D6323E623}
		{923ED105-C2F2-4A57-B23A-5B7B622FC4C5} = {964FFC83-02BA-44E5-A0B0-C88D6323E623}
		{6241591C-E41A-4E75-BEDA-F31D37B30C7D} = {964FFC83-02BA-44E5-A0B0-C88D6323E623}
		{78DEE945-01E6-4714-A94F-A3AF8BA76EBA} = {E9EAFB30-A394-4233-AEB7-7FE3B81D1056}
		{27A3795D-3AA7-412C-BC39-72ED8999FC64} = {E9EAFB30-A394-4233-AEB7-7FE3B81D1056}
		{8171D261-4513-4656-983E-8D4FAEC79ED2} = {E9EAFB30-A394-4233-AEB7-7FE3B81D1056}
	EndGlobalSection
	GlobalSection(ExtensibilityGlobals) = postSolution
		SolutionGuid = {D44F8D4B-1485-4645-AE04-F2D131F9422A}
	EndGlobalSection
EndGlobal
